lockfileVersion: '9.0'

settings:
  autoInstallPeers: true
  excludeLinksFromLockfile: false

importers:

  .:
    devDependencies:
      lefthook:
        specifier: ^1.11.14
        version: 1.12.2
      prettier:
        specifier: ^3.6.2
        version: 3.6.2
      prettier-plugin-tailwindcss:
        specifier: ^0.6.13
        version: 0.6.14(prettier@3.6.2)

packages:

  lefthook-darwin-arm64@1.12.2:
    resolution: {integrity: sha512-fTxeI9tEskrHjc3QyEO+AG7impBXY2Ed8V5aiRc3fw9POfYtVh9b5jRx90fjk2+ld5hf+Z1DsyyLq/vOHDFskQ==}
    cpu: [arm64]
    os: [darwin]

  lefthook-darwin-x64@1.12.2:
    resolution: {integrity: sha512-T1dCDKAAfdHgYZ8qtrS02SJSHoR52RFcrGArFNll9Mu4ZSV19Sp8BO+kTwDUOcLYdcPGNaqOp9PkRBQGZWQC7g==}
    cpu: [x64]
    os: [darwin]

  lefthook-freebsd-arm64@1.12.2:
    resolution: {integrity: sha512-2n9z7Q4BKeMBoB9cuEdv0UBQH82Z4GgBQpCrfjCtyzpDnYQwrH8Tkrlnlko4qPh9MM6nLLGIYMKsA5nltzo8Cg==}
    cpu: [arm64]
    os: [freebsd]

  lefthook-freebsd-x64@1.12.2:
    resolution: {integrity: sha512-1hNY/irY+/3kjRzKoJYxG+m3BYI8QxopJUK1PQnknGo1Wy5u302SdX+tR7pnpz6JM5chrNw4ozSbKKOvdZ5VEw==}
    cpu: [x64]
    os: [freebsd]

  lefthook-linux-arm64@1.12.2:
    resolution: {integrity: sha512-1W4swYIVRkxq/LFTuuK4oVpd6NtTKY4E3VY2Uq2JDkIOJV46+8qGBF+C/QA9K3O9chLffgN7c+i+NhIuGiZ/Vw==}
    cpu: [arm64]
    os: [linux]

  lefthook-linux-x64@1.12.2:
    resolution: {integrity: sha512-J6VGuMfhq5iCsg1Pv7xULbuXC63gP5LaikT0PhkyBNMi3HQneZFDJ8k/sp0Ue9HkQv6QfWIo3/FgB9gz38MCFw==}
    cpu: [x64]
    os: [linux]

  lefthook-openbsd-arm64@1.12.2:
    resolution: {integrity: sha512-wncDRW3ml24DaOyH22KINumjvCohswbQqbxyH2GORRCykSnE859cTjOrRIchTKBIARF7PSeGPUtS7EK0+oDbaw==}
    cpu: [arm64]
    os: [openbsd]

  lefthook-openbsd-x64@1.12.2:
    resolution: {integrity: sha512-2jDOkCHNnc/oK/vR62hAf3vZb1EQ6Md2GjIlgZ/V7A3ztOsM8QZ5IxwYN3D1UOIR5ZnwMBy7PtmTJC/HJrig5w==}
    cpu: [x64]
    os: [openbsd]

  lefthook-windows-arm64@1.12.2:
    resolution: {integrity: sha512-ZMH/q6UNSidhHEG/1QoqIl1n4yPTBWuVmKx5bONtKHicoz4QCQ+QEiNjKsG5OO4C62nfyHGThmweCzZVUQECJw==}
    cpu: [arm64]
    os: [win32]

  lefthook-windows-x64@1.12.2:
    resolution: {integrity: sha512-TqT2jIPcTQ9uwaw+v+DTmvnUHM/p7bbsSrPoPX+fRXSGLzFjyiY+12C9dObSwfCQq6rT70xqQJ9AmftJQsa5/Q==}
    cpu: [x64]
    os: [win32]

  lefthook@1.12.2:
    resolution: {integrity: sha512-2CeTu5NcmoT9YnqsHTq/TF36MlqlzHzhivGx3DrXHwcff4TdvrkIwUTA56huM3Nlo5ODAF/0hlPzaKLmNHCBnQ==}
    hasBin: true

  prettier-plugin-tailwindcss@0.6.14:
    resolution: {integrity: sha512-pi2e/+ZygeIqntN+vC573BcW5Cve8zUB0SSAGxqpB4f96boZF4M3phPVoOFCeypwkpRYdi7+jQ5YJJUwrkGUAg==}
    engines: {node: '>=14.21.3'}
    peerDependencies:
      '@ianvs/prettier-plugin-sort-imports': '*'
      '@prettier/plugin-hermes': '*'
      '@prettier/plugin-oxc': '*'
      '@prettier/plugin-pug': '*'
      '@shopify/prettier-plugin-liquid': '*'
      '@trivago/prettier-plugin-sort-imports': '*'
      '@zackad/prettier-plugin-twig': '*'
      prettier: ^3.0
      prettier-plugin-astro: '*'
      prettier-plugin-css-order: '*'
      prettier-plugin-import-sort: '*'
      prettier-plugin-jsdoc: '*'
      prettier-plugin-marko: '*'
      prettier-plugin-multiline-arrays: '*'
      prettier-plugin-organize-attributes: '*'
      prettier-plugin-organize-imports: '*'
      prettier-plugin-sort-imports: '*'
      prettier-plugin-style-order: '*'
      prettier-plugin-svelte: '*'
    peerDependenciesMeta:
      '@ianvs/prettier-plugin-sort-imports':
        optional: true
      '@prettier/plugin-hermes':
        optional: true
      '@prettier/plugin-oxc':
        optional: true
      '@prettier/plugin-pug':
        optional: true
      '@shopify/prettier-plugin-liquid':
        optional: true
      '@trivago/prettier-plugin-sort-imports':
        optional: true
      '@zackad/prettier-plugin-twig':
        optional: true
      prettier-plugin-astro:
        optional: true
      prettier-plugin-css-order:
        optional: true
      prettier-plugin-import-sort:
        optional: true
      prettier-plugin-jsdoc:
        optional: true
      prettier-plugin-marko:
        optional: true
      prettier-plugin-multiline-arrays:
        optional: true
      prettier-plugin-organize-attributes:
        optional: true
      prettier-plugin-organize-imports:
        optional: true
      prettier-plugin-sort-imports:
        optional: true
      prettier-plugin-style-order:
        optional: true
      prettier-plugin-svelte:
        optional: true

  prettier@3.6.2:
    resolution: {integrity: sha512-I7AIg5boAr5R0FFtJ6rCfD+LFsWHp81dolrFD8S79U9tb8Az2nGrJncnMSnys+bpQJfRUzqs9hnA81OAA3hCuQ==}
    engines: {node: '>=14'}
    hasBin: true

snapshots:

  lefthook-darwin-arm64@1.12.2:
    optional: true

  lefthook-darwin-x64@1.12.2:
    optional: true

  lefthook-freebsd-arm64@1.12.2:
    optional: true

  lefthook-freebsd-x64@1.12.2:
    optional: true

  lefthook-linux-arm64@1.12.2:
    optional: true

  lefthook-linux-x64@1.12.2:
    optional: true

  lefthook-openbsd-arm64@1.12.2:
    optional: true

  lefthook-openbsd-x64@1.12.2:
    optional: true

  lefthook-windows-arm64@1.12.2:
    optional: true

  lefthook-windows-x64@1.12.2:
    optional: true

  lefthook@1.12.2:
    optionalDependencies:
      lefthook-darwin-arm64: 1.12.2
      lefthook-darwin-x64: 1.12.2
      lefthook-freebsd-arm64: 1.12.2
      lefthook-freebsd-x64: 1.12.2
      lefthook-linux-arm64: 1.12.2
      lefthook-linux-x64: 1.12.2
      lefthook-openbsd-arm64: 1.12.2
      lefthook-openbsd-x64: 1.12.2
      lefthook-windows-arm64: 1.12.2
      lefthook-windows-x64: 1.12.2

  prettier-plugin-tailwindcss@0.6.14(prettier@3.6.2):
    dependencies:
      prettier: 3.6.2

  prettier@3.6.2: {}
